{
    "name": "covid-tracker",
    "version": "0.0.1",
    "lockfileVersion": 2,
    "requires": true,
    "packages": {
        "": {
            "name": "covid-tracker",
            "version": "0.0.1",
            "hasInstallScript": true,
            "engines": {
                "node": "14.x",
                "npm": "6.14.6"
            }
        }
    }
}
